
Microsoft Visual Studio Solution File, Format Version 12.00
# Visual Studio Version 17
VisualStudioVersion = 17.0.32112.339
MinimumVisualStudioVersion = 10.0.40219.1
Project("{FAE04EC0-301F-11D3-BF4B-00C04F79EFBC}") = "ApiBasicWithAspnetCore", "ApiBasicWithAspnetCore.csproj", "{C0C7A46C-A60B-4B0C-8FF8-C5F9AC494791}"
EndProject
Global
	GlobalSection(SolutionConfigurationPlatforms) = preSolution
		Debug|Any CPU = Debug|Any CPU
		Release|Any CPU = Release|Any CPU
	EndGlobalSection
	GlobalSection(ProjectConfigurationPlatforms) = postSolution
		{C0C7A46C-A60B-4B0C-8FF8-C5F9AC494791}.Debug|Any CPU.ActiveCfg = Debug|Any CPU
		{C0C7A46C-A60B-4B0C-8FF8-C5F9AC494791}.Debug|Any CPU.Build.0 = Debug|Any CPU
		{C0C7A46C-A60B-4B0C-8FF8-C5F9AC494791}.Release|Any CPU.ActiveCfg = Release|Any CPU
		{C0C7A46C-A60B-4B0C-8FF8-C5F9AC494791}.Release|Any CPU.Build.0 = Release|Any CPU
	EndGlobalSection
	GlobalSection(SolutionProperties) = preSolution
		HideSolutionNode = FALSE
	EndGlobalSection
	GlobalSection(ExtensibilityGlobals) = postSolution
		SolutionGuid = {3C9DE225-28DB-41CA-830A-21C089C9C141}
	EndGlobalSection
EndGlobal
